
Microsoft Visual Studio Solution File, Format Version 12.00
# Visual Studio Version 17
VisualStudioVersion = 17.13.35931.197
MinimumVisualStudioVersion = 10.0.40219.1
Project("{8BC9CEB8-8B4A-11D0-8D11-00A0C91BC942}") = "SpectraPlot", "plot-examples.vcxproj", "{4A086AD4-FE06-3F5B-9FA4-4CCA14F92D24}"
	ProjectSection(ProjectDependencies) = postProject
		{888F1B8A-0F4A-48F2-BCB6-275D59CDFAC1} = {888F1B8A-0F4A-48F2-BCB6-275D59CDFAC1}
		{C0197003-1969-4F5B-9A0D-B437A131F853} = {C0197003-1969-4F5B-9A0D-B437A131F853}
	EndProjectSection
EndProject
Project("{8BC9CEB8-8B4A-11D0-8D11-00A0C91BC942}") = "metrology", "metrology\metrology.vcxproj", "{888F1B8A-0F4A-48F2-BCB6-275D59CDFAC1}"
EndProject
Project("{8BC9CEB8-8B4A-11D0-8D11-00A0C91BC942}") = "CCHReader", "CCHReader\CCHReader.vcxproj", "{27337CFD-EB74-4BD8-B374-413B17246EE5}"
EndProject
Project("{8BC9CEB8-8B4A-11D0-8D11-00A0C91BC942}") = "CommonLib", "CommonLib\CommonLib.vcxproj", "{C0197003-1969-4F5B-9A0D-B437A131F853}"
EndProject
Project("{8BC9CEB8-8B4A-11D0-8D11-00A0C91BC942}") = "SmpLoader", "SmpLoader\SmpLoader.vcxproj", "{4FC40A44-8D81-4B83-AC79-9C0D5ABCC3F2}"
	ProjectSection(ProjectDependencies) = postProject
		{C0197003-1969-4F5B-9A0D-B437A131F853} = {C0197003-1969-4F5B-9A0D-B437A131F853}
	EndProjectSection
EndProject
Project("{8BC9CEB8-8B4A-11D0-8D11-00A0C91BC942}") = "CchLoader", "CchLoader\CchLoader.vcxproj", "{1C009018-8646-485C-9120-D79652F0B453}"
	ProjectSection(ProjectDependencies) = postProject
		{27337CFD-EB74-4BD8-B374-413B17246EE5} = {27337CFD-EB74-4BD8-B374-413B17246EE5}
		{C0197003-1969-4F5B-9A0D-B437A131F853} = {C0197003-1969-4F5B-9A0D-B437A131F853}
	EndProjectSection
EndProject
Global
	GlobalSection(SolutionConfigurationPlatforms) = preSolution
		Debug|x64 = Debug|x64
		Release|x64 = Release|x64
	EndGlobalSection
	GlobalSection(ProjectConfigurationPlatforms) = postSolution
		{4A086AD4-FE06-3F5B-9FA4-4CCA14F92D24}.Debug|x64.ActiveCfg = Debug|x64
		{4A086AD4-FE06-3F5B-9FA4-4CCA14F92D24}.Debug|x64.Build.0 = Debug|x64
		{4A086AD4-FE06-3F5B-9FA4-4CCA14F92D24}.Release|x64.ActiveCfg = Release|x64
		{4A086AD4-FE06-3F5B-9FA4-4CCA14F92D24}.Release|x64.Build.0 = Release|x64
		{888F1B8A-0F4A-48F2-BCB6-275D59CDFAC1}.Debug|x64.ActiveCfg = Debug|x64
		{888F1B8A-0F4A-48F2-BCB6-275D59CDFAC1}.Debug|x64.Build.0 = Debug|x64
		{888F1B8A-0F4A-48F2-BCB6-275D59CDFAC1}.Release|x64.ActiveCfg = Release|x64
		{888F1B8A-0F4A-48F2-BCB6-275D59CDFAC1}.Release|x64.Build.0 = Release|x64
		{27337CFD-EB74-4BD8-B374-413B17246EE5}.Debug|x64.ActiveCfg = Debug|x64
		{27337CFD-EB74-4BD8-B374-413B17246EE5}.Debug|x64.Build.0 = Debug|x64
		{27337CFD-EB74-4BD8-B374-413B17246EE5}.Release|x64.ActiveCfg = Release|x64
		{27337CFD-EB74-4BD8-B374-413B17246EE5}.Release|x64.Build.0 = Release|x64
		{C0197003-1969-4F5B-9A0D-B437A131F853}.Debug|x64.ActiveCfg = Debug|x64
		{C0197003-1969-4F5B-9A0D-B437A131F853}.Debug|x64.Build.0 = Debug|x64
		{C0197003-1969-4F5B-9A0D-B437A131F853}.Release|x64.ActiveCfg = Release|x64
		{C0197003-1969-4F5B-9A0D-B437A131F853}.Release|x64.Build.0 = Release|x64
		{4FC40A44-8D81-4B83-AC79-9C0D5ABCC3F2}.Debug|x64.ActiveCfg = Debug|x64
		{4FC40A44-8D81-4B83-AC79-9C0D5ABCC3F2}.Debug|x64.Build.0 = Debug|x64
		{4FC40A44-8D81-4B83-AC79-9C0D5ABCC3F2}.Release|x64.ActiveCfg = Release|x64
		{4FC40A44-8D81-4B83-AC79-9C0D5ABCC3F2}.Release|x64.Build.0 = Release|x64
		{1C009018-8646-485C-9120-D79652F0B453}.Debug|x64.ActiveCfg = Debug|x64
		{1C009018-8646-485C-9120-D79652F0B453}.Debug|x64.Build.0 = Debug|x64
		{1C009018-8646-485C-9120-D79652F0B453}.Release|x64.ActiveCfg = Release|x64
		{1C009018-8646-485C-9120-D79652F0B453}.Release|x64.Build.0 = Release|x64
	EndGlobalSection
	GlobalSection(SolutionProperties) = preSolution
		HideSolutionNode = FALSE
	EndGlobalSection
	GlobalSection(ExtensibilityGlobals) = postSolution
		SolutionGuid = {0B720913-4765-4652-9C50-79AE96E57D88}
	EndGlobalSection
EndGlobal
